// !$*UTF8*$!
{
	archiveVersion = 1;
	classes = {
	};
	objectVersion = 56;
	objects = {

/* Begin PBXBuildFile section */
		9435AA682BD2EE5300102316 /* GameOver.cpp in Sources */ = {isa = PBXBuildFile; fileRef = 9435AA662BD2EE5300102316 /* GameOver.cpp */; };
		9435AA6C2BD3B13200102316 /* ScoreManager.cpp in Sources */ = {isa = PBXBuildFile; fileRef = 9435AA6A2BD3B13200102316 /* ScoreManager.cpp */; };
		9435AA732BD3D02200102316 /* FileManager.cpp in Sources */ = {isa = PBXBuildFile; fileRef = 9435AA712BD3D02200102316 /* FileManager.cpp */; };
		9473DDEF2BD992E70014329B /* SettingsMenu.cpp in Sources */ = {isa = PBXBuildFile; fileRef = 9473DDED2BD992E70014329B /* SettingsMenu.cpp */; };
		9473DDF92BD9A17C0014329B /* SettingsManager.cpp in Sources */ = {isa = PBXBuildFile; fileRef = 9473DDF72BD9A17C0014329B /* SettingsManager.cpp */; };
		947D64B22BA7990D00EA2AB2 /* InputManager.cpp in Sources */ = {isa = PBXBuildFile; fileRef = 947D64B02BA7990D00EA2AB2 /* InputManager.cpp */; };
		94AE22DD2BCC28B000AC7C13 /* SceneManager.cpp in Sources */ = {isa = PBXBuildFile; fileRef = 94AE22DB2BCC28B000AC7C13 /* SceneManager.cpp */; };
		94C638352BDD6B3B00B7BC25 /* ResourceContainer.cpp in Sources */ = {isa = PBXBuildFile; fileRef = 94C638342BDD6B3B00B7BC25 /* ResourceContainer.cpp */; };
		94C638362BDD6CBA00B7BC25 /* highscore.txt in CopyFiles */ = {isa = PBXBuildFile; fileRef = 9435AA752BD3D3D100102316 /* highscore.txt */; };
		94C638372BDD6CBA00B7BC25 /* settings.txt in CopyFiles */ = {isa = PBXBuildFile; fileRef = 9473DDFB2BD9B6680014329B /* settings.txt */; };
		94C638382BDD6CBA00B7BC25 /* asteroid.png in CopyFiles */ = {isa = PBXBuildFile; fileRef = 947D64A92BA74A1100EA2AB2 /* asteroid.png */; };
		94C638392BDD6CBA00B7BC25 /* spaceship.png in CopyFiles */ = {isa = PBXBuildFile; fileRef = 9AD568BB2BA2141E00B341EF /* spaceship.png */; };
		94C6383A2BDD6CBA00B7BC25 /* gohu.ttf in CopyFiles */ = {isa = PBXBuildFile; fileRef = 94AE22D92BCC27EE00AC7C13 /* gohu.ttf */; };
		9AD5689A2BA1F0D900B341EF /* main.cpp in Sources */ = {isa = PBXBuildFile; fileRef = 9AD568992BA1F0D900B341EF /* main.cpp */; };
		9AD568A62BA1F0F400B341EF /* libsfml-graphics.2.6.1.dylib in Frameworks */ = {isa = PBXBuildFile; fileRef = 9AD568A12BA1F0F400B341EF /* libsfml-graphics.2.6.1.dylib */; };
		9AD568A72BA1F0F400B341EF /* libsfml-window.2.6.1.dylib in Frameworks */ = {isa = PBXBuildFile; fileRef = 9AD568A22BA1F0F400B341EF /* libsfml-window.2.6.1.dylib */; };
		9AD568A82BA1F0F400B341EF /* libsfml-network.2.6.1.dylib in Frameworks */ = {isa = PBXBuildFile; fileRef = 9AD568A32BA1F0F400B341EF /* libsfml-network.2.6.1.dylib */; };
		9AD568A92BA1F0F400B341EF /* libsfml-audio.2.6.1.dylib in Frameworks */ = {isa = PBXBuildFile; fileRef = 9AD568A42BA1F0F400B341EF /* libsfml-audio.2.6.1.dylib */; };
		9AD568AA2BA1F0F400B341EF /* libsfml-system.2.6.1.dylib in Frameworks */ = {isa = PBXBuildFile; fileRef = 9AD568A52BA1F0F400B341EF /* libsfml-system.2.6.1.dylib */; };
		9AD568B42BA20DE800B341EF /* MainMenu.cpp in Sources */ = {isa = PBXBuildFile; fileRef = 9AD568B22BA20DE800B341EF /* MainMenu.cpp */; };
		9AD568BE2BA2146000B341EF /* GameLoop.cpp in Sources */ = {isa = PBXBuildFile; fileRef = 9AD568BC2BA2146000B341EF /* GameLoop.cpp */; };
/* End PBXBuildFile section */

/* Begin PBXCopyFilesBuildPhase section */
		9AD568B12BA1F3A100B341EF /* CopyFiles */ = {
			isa = PBXCopyFilesBuildPhase;
			buildActionMask = 2147483647;
			dstPath = "";
			dstSubfolderSpec = 7;
			files = (
				94C638362BDD6CBA00B7BC25 /* highscore.txt in CopyFiles */,
				94C638372BDD6CBA00B7BC25 /* settings.txt in CopyFiles */,
				94C638382BDD6CBA00B7BC25 /* asteroid.png in CopyFiles */,
				94C638392BDD6CBA00B7BC25 /* spaceship.png in CopyFiles */,
				94C6383A2BDD6CBA00B7BC25 /* gohu.ttf in CopyFiles */,
			);
			runOnlyForDeploymentPostprocessing = 0;
		};
/* End PBXCopyFilesBuildPhase section */

/* Begin PBXFileReference section */
		9435AA662BD2EE5300102316 /* GameOver.cpp */ = {isa = PBXFileReference; lastKnownFileType = sourcecode.cpp.cpp; path = GameOver.cpp; sourceTree = "<group>"; };
		9435AA672BD2EE5300102316 /* GameOver.hpp */ = {isa = PBXFileReference; lastKnownFileType = sourcecode.cpp.h; path = GameOver.hpp; sourceTree = "<group>"; };
		9435AA6A2BD3B13200102316 /* ScoreManager.cpp */ = {isa = PBXFileReference; lastKnownFileType = sourcecode.cpp.cpp; path = ScoreManager.cpp; sourceTree = "<group>"; };
		9435AA6B2BD3B13200102316 /* ScoreManager.hpp */ = {isa = PBXFileReference; lastKnownFileType = sourcecode.cpp.h; path = ScoreManager.hpp; sourceTree = "<group>"; };
		9435AA6F2BD3C0D900102316 /* SceneSetupData.hpp */ = {isa = PBXFileReference; lastKnownFileType = sourcecode.cpp.h; path = SceneSetupData.hpp; sourceTree = "<group>"; };
		9435AA712BD3D02200102316 /* FileManager.cpp */ = {isa = PBXFileReference; lastKnownFileType = sourcecode.cpp.cpp; path = FileManager.cpp; sourceTree = "<group>"; };
		9435AA722BD3D02200102316 /* FileManager.hpp */ = {isa = PBXFileReference; lastKnownFileType = sourcecode.cpp.h; path = FileManager.hpp; sourceTree = "<group>"; };
		9435AA752BD3D3D100102316 /* highscore.txt */ = {isa = PBXFileReference; fileEncoding = 4; lastKnownFileType = text; path = highscore.txt; sourceTree = "<group>"; };
		9473DDED2BD992E70014329B /* SettingsMenu.cpp */ = {isa = PBXFileReference; lastKnownFileType = sourcecode.cpp.cpp; path = SettingsMenu.cpp; sourceTree = "<group>"; };
		9473DDEE2BD992E70014329B /* SettingsMenu.hpp */ = {isa = PBXFileReference; lastKnownFileType = sourcecode.cpp.h; path = SettingsMenu.hpp; sourceTree = "<group>"; };
		9473DDF12BD9971B0014329B /* SettingsOption.hpp */ = {isa = PBXFileReference; lastKnownFileType = sourcecode.cpp.h; path = SettingsOption.hpp; sourceTree = "<group>"; };
		9473DDF42BD99B630014329B /* DifficultyLevel.hpp */ = {isa = PBXFileReference; lastKnownFileType = sourcecode.cpp.h; path = DifficultyLevel.hpp; sourceTree = "<group>"; };
		9473DDF72BD9A17C0014329B /* SettingsManager.cpp */ = {isa = PBXFileReference; lastKnownFileType = sourcecode.cpp.cpp; path = SettingsManager.cpp; sourceTree = "<group>"; };
		9473DDF82BD9A17C0014329B /* SettingsManager.hpp */ = {isa = PBXFileReference; lastKnownFileType = sourcecode.cpp.h; path = SettingsManager.hpp; sourceTree = "<group>"; };
		9473DDFB2BD9B6680014329B /* settings.txt */ = {isa = PBXFileReference; fileEncoding = 4; lastKnownFileType = text; path = settings.txt; sourceTree = "<group>"; };
		947D64A62BA660BB00EA2AB2 /* Projectile.hpp */ = {isa = PBXFileReference; lastKnownFileType = sourcecode.cpp.h; path = Projectile.hpp; sourceTree = "<group>"; };
		947D64A92BA74A1100EA2AB2 /* asteroid.png */ = {isa = PBXFileReference; lastKnownFileType = image.png; path = asteroid.png; sourceTree = "<group>"; };
		947D64B02BA7990D00EA2AB2 /* InputManager.cpp */ = {isa = PBXFileReference; lastKnownFileType = sourcecode.cpp.cpp; path = InputManager.cpp; sourceTree = "<group>"; };
		947D64B12BA7990D00EA2AB2 /* InputManager.hpp */ = {isa = PBXFileReference; lastKnownFileType = sourcecode.cpp.h; path = InputManager.hpp; sourceTree = "<group>"; };
		947D64B42BA79A5E00EA2AB2 /* InputDelegate.hpp */ = {isa = PBXFileReference; lastKnownFileType = sourcecode.cpp.h; path = InputDelegate.hpp; sourceTree = "<group>"; };
		947D64B52BA7A2AD00EA2AB2 /* GameScene.hpp */ = {isa = PBXFileReference; lastKnownFileType = sourcecode.cpp.h; path = GameScene.hpp; sourceTree = "<group>"; };
		94AE22D92BCC27EE00AC7C13 /* gohu.ttf */ = {isa = PBXFileReference; lastKnownFileType = file; path = gohu.ttf; sourceTree = "<group>"; };
		94AE22DB2BCC28B000AC7C13 /* SceneManager.cpp */ = {isa = PBXFileReference; lastKnownFileType = sourcecode.cpp.cpp; path = SceneManager.cpp; sourceTree = "<group>"; };
		94AE22DC2BCC28B000AC7C13 /* SceneManager.hpp */ = {isa = PBXFileReference; lastKnownFileType = sourcecode.cpp.h; path = SceneManager.hpp; sourceTree = "<group>"; };
		94C638342BDD6B3B00B7BC25 /* ResourceContainer.cpp */ = {isa = PBXFileReference; lastKnownFileType = sourcecode.cpp.cpp; path = ResourceContainer.cpp; sourceTree = "<group>"; };
		94EAC02A2BCC38FA00BFAE20 /* SceneManagerDelegate.hpp */ = {isa = PBXFileReference; lastKnownFileType = sourcecode.cpp.h; path = SceneManagerDelegate.hpp; sourceTree = "<group>"; };
		94EAC02B2BCC7AF200BFAE20 /* MenuOption.hpp */ = {isa = PBXFileReference; lastKnownFileType = sourcecode.cpp.h; path = MenuOption.hpp; sourceTree = "<group>"; };
		9AD568962BA1F0D900B341EF /* Popper */ = {isa = PBXFileReference; explicitFileType = "compiled.mach-o.executable"; includeInIndex = 0; path = Popper; sourceTree = BUILT_PRODUCTS_DIR; };
		9AD568992BA1F0D900B341EF /* main.cpp */ = {isa = PBXFileReference; lastKnownFileType = sourcecode.cpp.cpp; path = main.cpp; sourceTree = "<group>"; };
		9AD568A12BA1F0F400B341EF /* libsfml-graphics.2.6.1.dylib */ = {isa = PBXFileReference; lastKnownFileType = "compiled.mach-o.dylib"; name = "libsfml-graphics.2.6.1.dylib"; path = "../../../../../opt/homebrew/Cellar/sfml/2.6.1/lib/libsfml-graphics.2.6.1.dylib"; sourceTree = "<group>"; };
		9AD568A22BA1F0F400B341EF /* libsfml-window.2.6.1.dylib */ = {isa = PBXFileReference; lastKnownFileType = "compiled.mach-o.dylib"; name = "libsfml-window.2.6.1.dylib"; path = "../../../../../opt/homebrew/Cellar/sfml/2.6.1/lib/libsfml-window.2.6.1.dylib"; sourceTree = "<group>"; };
		9AD568A32BA1F0F400B341EF /* libsfml-network.2.6.1.dylib */ = {isa = PBXFileReference; lastKnownFileType = "compiled.mach-o.dylib"; name = "libsfml-network.2.6.1.dylib"; path = "../../../../../opt/homebrew/Cellar/sfml/2.6.1/lib/libsfml-network.2.6.1.dylib"; sourceTree = "<group>"; };
		9AD568A42BA1F0F400B341EF /* libsfml-audio.2.6.1.dylib */ = {isa = PBXFileReference; lastKnownFileType = "compiled.mach-o.dylib"; name = "libsfml-audio.2.6.1.dylib"; path = "../../../../../opt/homebrew/Cellar/sfml/2.6.1/lib/libsfml-audio.2.6.1.dylib"; sourceTree = "<group>"; };
		9AD568A52BA1F0F400B341EF /* libsfml-system.2.6.1.dylib */ = {isa = PBXFileReference; lastKnownFileType = "compiled.mach-o.dylib"; name = "libsfml-system.2.6.1.dylib"; path = "../../../../../opt/homebrew/Cellar/sfml/2.6.1/lib/libsfml-system.2.6.1.dylib"; sourceTree = "<group>"; };
		9AD568B22BA20DE800B341EF /* MainMenu.cpp */ = {isa = PBXFileReference; lastKnownFileType = sourcecode.cpp.cpp; path = MainMenu.cpp; sourceTree = "<group>"; };
		9AD568B32BA20DE800B341EF /* MainMenu.hpp */ = {isa = PBXFileReference; lastKnownFileType = sourcecode.cpp.h; path = MainMenu.hpp; sourceTree = "<group>"; };
		9AD568B72BA20EDB00B341EF /* ResourceContainer.hpp */ = {isa = PBXFileReference; lastKnownFileType = sourcecode.cpp.h; path = ResourceContainer.hpp; sourceTree = "<group>"; };
		9AD568BB2BA2141E00B341EF /* spaceship.png */ = {isa = PBXFileReference; lastKnownFileType = image.png; path = spaceship.png; sourceTree = "<group>"; };
		9AD568BC2BA2146000B341EF /* GameLoop.cpp */ = {isa = PBXFileReference; lastKnownFileType = sourcecode.cpp.cpp; path = GameLoop.cpp; sourceTree = "<group>"; };
		9AD568BD2BA2146000B341EF /* GameLoop.hpp */ = {isa = PBXFileReference; lastKnownFileType = sourcecode.cpp.h; path = GameLoop.hpp; sourceTree = "<group>"; };
/* End PBXFileReference section */

/* Begin PBXFrameworksBuildPhase section */
		9AD568932BA1F0D900B341EF /* Frameworks */ = {
			isa = PBXFrameworksBuildPhase;
			buildActionMask = 2147483647;
			files = (
				9AD568A62BA1F0F400B341EF /* libsfml-graphics.2.6.1.dylib in Frameworks */,
				9AD568A72BA1F0F400B341EF /* libsfml-window.2.6.1.dylib in Frameworks */,
				9AD568A82BA1F0F400B341EF /* libsfml-network.2.6.1.dylib in Frameworks */,
				9AD568A92BA1F0F400B341EF /* libsfml-audio.2.6.1.dylib in Frameworks */,
				9AD568AA2BA1F0F400B341EF /* libsfml-system.2.6.1.dylib in Frameworks */,
			);
			runOnlyForDeploymentPostprocessing = 0;
		};
/* End PBXFrameworksBuildPhase section */

/* Begin PBXGroup section */
		9435AA652BD2EE2A00102316 /* GameOver */ = {
			isa = PBXGroup;
			children = (
				9435AA662BD2EE5300102316 /* GameOver.cpp */,
				9435AA672BD2EE5300102316 /* GameOver.hpp */,
			);
			path = GameOver;
			sourceTree = "<group>";
		};
		9435AA692BD3B12200102316 /* ScoreManager */ = {
			isa = PBXGroup;
			children = (
				9435AA6A2BD3B13200102316 /* ScoreManager.cpp */,
				9435AA6B2BD3B13200102316 /* ScoreManager.hpp */,
			);
			path = ScoreManager;
			sourceTree = "<group>";
		};
		9435AA702BD3D01100102316 /* Utility */ = {
			isa = PBXGroup;
			children = (
				94C638332BDD6AFC00B7BC25 /* ResourceContainer */,
				9435AA742BD3D02600102316 /* FileManager */,
			);
			path = Utility;
			sourceTree = "<group>";
		};
		9435AA742BD3D02600102316 /* FileManager */ = {
			isa = PBXGroup;
			children = (
				9435AA712BD3D02200102316 /* FileManager.cpp */,
				9435AA722BD3D02200102316 /* FileManager.hpp */,
			);
			path = FileManager;
			sourceTree = "<group>";
		};
		9473DDEC2BD992CF0014329B /* SettingsMenu */ = {
			isa = PBXGroup;
			children = (
				9473DDED2BD992E70014329B /* SettingsMenu.cpp */,
				9473DDEE2BD992E70014329B /* SettingsMenu.hpp */,
			);
			path = SettingsMenu;
			sourceTree = "<group>";
		};
		9473DDF62BD9A14C0014329B /* SettingsManager */ = {
			isa = PBXGroup;
			children = (
				9473DDF72BD9A17C0014329B /* SettingsManager.cpp */,
				9473DDF82BD9A17C0014329B /* SettingsManager.hpp */,
			);
			path = SettingsManager;
			sourceTree = "<group>";
		};
		947D64A42BA660A600EA2AB2 /* Model */ = {
			isa = PBXGroup;
			children = (
				947D64A62BA660BB00EA2AB2 /* Projectile.hpp */,
				947D64B52BA7A2AD00EA2AB2 /* GameScene.hpp */,
				9435AA6F2BD3C0D900102316 /* SceneSetupData.hpp */,
				94EAC02B2BCC7AF200BFAE20 /* MenuOption.hpp */,
				9473DDF12BD9971B0014329B /* SettingsOption.hpp */,
				9473DDF42BD99B630014329B /* DifficultyLevel.hpp */,
			);
			path = Model;
			sourceTree = "<group>";
		};
		947D64AA2BA798AC00EA2AB2 /* Managers */ = {
			isa = PBXGroup;
			children = (
				9473DDF62BD9A14C0014329B /* SettingsManager */,
				9435AA692BD3B12200102316 /* ScoreManager */,
				94AE22DA2BCC288E00AC7C13 /* SceneManager */,
				947D64AF2BA798EB00EA2AB2 /* InputManager */,
			);
			path = Managers;
			sourceTree = "<group>";
		};
		947D64AF2BA798EB00EA2AB2 /* InputManager */ = {
			isa = PBXGroup;
			children = (
				947D64B02BA7990D00EA2AB2 /* InputManager.cpp */,
				947D64B12BA7990D00EA2AB2 /* InputManager.hpp */,
			);
			path = InputManager;
			sourceTree = "<group>";
		};
		947D64B32BA79A0C00EA2AB2 /* Interfaces */ = {
			isa = PBXGroup;
			children = (
				947D64B42BA79A5E00EA2AB2 /* InputDelegate.hpp */,
				94EAC02A2BCC38FA00BFAE20 /* SceneManagerDelegate.hpp */,
			);
			path = Interfaces;
			sourceTree = "<group>";
		};
		94AE22DA2BCC288E00AC7C13 /* SceneManager */ = {
			isa = PBXGroup;
			children = (
				94AE22DB2BCC28B000AC7C13 /* SceneManager.cpp */,
				94AE22DC2BCC28B000AC7C13 /* SceneManager.hpp */,
			);
			path = SceneManager;
			sourceTree = "<group>";
		};
		94C638332BDD6AFC00B7BC25 /* ResourceContainer */ = {
			isa = PBXGroup;
			children = (
				9AD568B72BA20EDB00B341EF /* ResourceContainer.hpp */,
				94C638342BDD6B3B00B7BC25 /* ResourceContainer.cpp */,
			);
			path = ResourceContainer;
			sourceTree = "<group>";
		};
		9AD5688D2BA1F0D900B341EF = {
			isa = PBXGroup;
			children = (
				9AD568982BA1F0D900B341EF /* Popper */,
				9AD568AB2BA1F1EB00B341EF /* Resources */,
				9AD568972BA1F0D900B341EF /* Products */,
				9AD568A02BA1F0F400B341EF /* Frameworks */,
			);
			sourceTree = "<group>";
		};
		9AD568972BA1F0D900B341EF /* Products */ = {
			isa = PBXGroup;
			children = (
				9AD568962BA1F0D900B341EF /* Popper */,
			);
			name = Products;
			sourceTree = "<group>";
		};
		9AD568982BA1F0D900B341EF /* Popper */ = {
			isa = PBXGroup;
			children = (
				9AD568992BA1F0D900B341EF /* main.cpp */,
				9435AA702BD3D01100102316 /* Utility */,
				947D64B32BA79A0C00EA2AB2 /* Interfaces */,
				947D64AA2BA798AC00EA2AB2 /* Managers */,
				947D64A42BA660A600EA2AB2 /* Model */,
				9AD568B52BA20DEC00B341EF /* Scenes */,
			);
			path = Popper;
			sourceTree = "<group>";
		};
		9AD568A02BA1F0F400B341EF /* Frameworks */ = {
			isa = PBXGroup;
			children = (
				9AD568A42BA1F0F400B341EF /* libsfml-audio.2.6.1.dylib */,
				9AD568A12BA1F0F400B341EF /* libsfml-graphics.2.6.1.dylib */,
				9AD568A32BA1F0F400B341EF /* libsfml-network.2.6.1.dylib */,
				9AD568A52BA1F0F400B341EF /* libsfml-system.2.6.1.dylib */,
				9AD568A22BA1F0F400B341EF /* libsfml-window.2.6.1.dylib */,
			);
			name = Frameworks;
			sourceTree = "<group>";
		};
		9AD568AB2BA1F1EB00B341EF /* Resources */ = {
			isa = PBXGroup;
			children = (
				9435AA752BD3D3D100102316 /* highscore.txt */,
				9473DDFB2BD9B6680014329B /* settings.txt */,
				9AD568BA2BA2141300B341EF /* Images */,
				9AD568B92BA2140000B341EF /* Fonts */,
			);
			path = Resources;
			sourceTree = "<group>";
		};
		9AD568B52BA20DEC00B341EF /* Scenes */ = {
			isa = PBXGroup;
			children = (
				9473DDEC2BD992CF0014329B /* SettingsMenu */,
				9435AA652BD2EE2A00102316 /* GameOver */,
				9AD568B82BA210E700B341EF /* GameLoop */,
				9AD568B62BA20DF300B341EF /* MainMenu */,
			);
			path = Scenes;
			sourceTree = "<group>";
		};
		9AD568B62BA20DF300B341EF /* MainMenu */ = {
			isa = PBXGroup;
			children = (
				9AD568B22BA20DE800B341EF /* MainMenu.cpp */,
				9AD568B32BA20DE800B341EF /* MainMenu.hpp */,
			);
			path = MainMenu;
			sourceTree = "<group>";
		};
		9AD568B82BA210E700B341EF /* GameLoop */ = {
			isa = PBXGroup;
			children = (
				9AD568BC2BA2146000B341EF /* GameLoop.cpp */,
				9AD568BD2BA2146000B341EF /* GameLoop.hpp */,
			);
			path = GameLoop;
			sourceTree = "<group>";
		};
		9AD568B92BA2140000B341EF /* Fonts */ = {
			isa = PBXGroup;
			children = (
				94AE22D92BCC27EE00AC7C13 /* gohu.ttf */,
			);
			path = Fonts;
			sourceTree = "<group>";
		};
		9AD568BA2BA2141300B341EF /* Images */ = {
			isa = PBXGroup;
			children = (
				947D64A92BA74A1100EA2AB2 /* asteroid.png */,
				9AD568BB2BA2141E00B341EF /* spaceship.png */,
			);
			path = Images;
			sourceTree = "<group>";
		};
/* End PBXGroup section */

/* Begin PBXNativeTarget section */
		9AD568952BA1F0D900B341EF /* Popper */ = {
			isa = PBXNativeTarget;
			buildConfigurationList = 9AD5689D2BA1F0D900B341EF /* Build configuration list for PBXNativeTarget "Popper" */;
			buildPhases = (
				9AD568922BA1F0D900B341EF /* Sources */,
				9AD568932BA1F0D900B341EF /* Frameworks */,
				9AD568B12BA1F3A100B341EF /* CopyFiles */,
			);
			buildRules = (
			);
			dependencies = (
			);
			name = Popper;
			productName = Popper;
			productReference = 9AD568962BA1F0D900B341EF /* Popper */;
			productType = "com.apple.product-type.tool";
		};
/* End PBXNativeTarget section */

/* Begin PBXProject section */
		9AD5688E2BA1F0D900B341EF /* Project object */ = {
			isa = PBXProject;
			attributes = {
				BuildIndependentTargetsInParallel = 1;
				LastUpgradeCheck = 1500;
				TargetAttributes = {
					9AD568952BA1F0D900B341EF = {
						CreatedOnToolsVersion = 15.0;
						LastSwiftMigration = 1500;
					};
				};
			};
			buildConfigurationList = 9AD568912BA1F0D900B341EF /* Build configuration list for PBXProject "Popper" */;
			compatibilityVersion = "Xcode 14.0";
			developmentRegion = en;
			hasScannedForEncodings = 0;
			knownRegions = (
				en,
				Base,
			);
			mainGroup = 9AD5688D2BA1F0D900B341EF;
			productRefGroup = 9AD568972BA1F0D900B341EF /* Products */;
			projectDirPath = "";
			projectRoot = "";
			targets = (
				9AD568952BA1F0D900B341EF /* Popper */,
			);
		};
/* End PBXProject section */

/* Begin PBXSourcesBuildPhase section */
		9AD568922BA1F0D900B341EF /* Sources */ = {
			isa = PBXSourcesBuildPhase;
			buildActionMask = 2147483647;
			files = (
				9AD5689A2BA1F0D900B341EF /* main.cpp in Sources */,
				9435AA682BD2EE5300102316 /* GameOver.cpp in Sources */,
				9AD568B42BA20DE800B341EF /* MainMenu.cpp in Sources */,
				9473DDEF2BD992E70014329B /* SettingsMenu.cpp in Sources */,
				9435AA732BD3D02200102316 /* FileManager.cpp in Sources */,
				9AD568BE2BA2146000B341EF /* GameLoop.cpp in Sources */,
				94C638352BDD6B3B00B7BC25 /* ResourceContainer.cpp in Sources */,
				9473DDF92BD9A17C0014329B /* SettingsManager.cpp in Sources */,
				947D64B22BA7990D00EA2AB2 /* InputManager.cpp in Sources */,
				9435AA6C2BD3B13200102316 /* ScoreManager.cpp in Sources */,
				94AE22DD2BCC28B000AC7C13 /* SceneManager.cpp in Sources */,
			);
			runOnlyForDeploymentPostprocessing = 0;
		};
/* End PBXSourcesBuildPhase section */

/* Begin XCBuildConfiguration section */
		9AD5689B2BA1F0D900B341EF /* Debug */ = {
			isa = XCBuildConfiguration;
			buildSettings = {
				ALWAYS_SEARCH_USER_PATHS = NO;
				ASSETCATALOG_COMPILER_GENERATE_SWIFT_ASSET_SYMBOL_EXTENSIONS = YES;
				CLANG_ANALYZER_NONNULL = YES;
				CLANG_ANALYZER_NUMBER_OBJECT_CONVERSION = YES_AGGRESSIVE;
				CLANG_CXX_LANGUAGE_STANDARD = "gnu++20";
				CLANG_ENABLE_MODULES = YES;
				CLANG_ENABLE_OBJC_ARC = YES;
				CLANG_ENABLE_OBJC_WEAK = YES;
				CLANG_WARN_BLOCK_CAPTURE_AUTORELEASING = YES;
				CLANG_WARN_BOOL_CONVERSION = YES;
				CLANG_WARN_COMMA = YES;
				CLANG_WARN_CONSTANT_CONVERSION = YES;
				CLANG_WARN_DEPRECATED_OBJC_IMPLEMENTATIONS = YES;
				CLANG_WARN_DIRECT_OBJC_ISA_USAGE = YES_ERROR;
				CLANG_WARN_DOCUMENTATION_COMMENTS = YES;
				CLANG_WARN_EMPTY_BODY = YES;
				CLANG_WARN_ENUM_CONVERSION = YES;
				CLANG_WARN_INFINITE_RECURSION = YES;
				CLANG_WARN_INT_CONVERSION = YES;
				CLANG_WARN_NON_LITERAL_NULL_CONVERSION = YES;
				CLANG_WARN_OBJC_IMPLICIT_RETAIN_SELF = YES;
				CLANG_WARN_OBJC_LITERAL_CONVERSION = YES;
				CLANG_WARN_OBJC_ROOT_CLASS = YES_ERROR;
				CLANG_WARN_QUOTED_INCLUDE_IN_FRAMEWORK_HEADER = YES;
				CLANG_WARN_RANGE_LOOP_ANALYSIS = YES;
				CLANG_WARN_STRICT_PROTOTYPES = YES;
				CLANG_WARN_SUSPICIOUS_MOVE = YES;
				CLANG_WARN_UNGUARDED_AVAILABILITY = YES_AGGRESSIVE;
				CLANG_WARN_UNREACHABLE_CODE = YES;
				CLANG_WARN__DUPLICATE_METHOD_MATCH = YES;
				COPY_PHASE_STRIP = NO;
				DEBUG_INFORMATION_FORMAT = dwarf;
				ENABLE_STRICT_OBJC_MSGSEND = YES;
				ENABLE_TESTABILITY = YES;
				ENABLE_USER_SCRIPT_SANDBOXING = YES;
				GCC_C_LANGUAGE_STANDARD = gnu17;
				GCC_DYNAMIC_NO_PIC = NO;
				GCC_NO_COMMON_BLOCKS = YES;
				GCC_OPTIMIZATION_LEVEL = 0;
				GCC_PREPROCESSOR_DEFINITIONS = (
					"DEBUG=1",
					"$(inherited)",
				);
				GCC_WARN_64_TO_32_BIT_CONVERSION = YES;
				GCC_WARN_ABOUT_RETURN_TYPE = YES_ERROR;
				GCC_WARN_UNDECLARED_SELECTOR = YES;
				GCC_WARN_UNINITIALIZED_AUTOS = YES_AGGRESSIVE;
				GCC_WARN_UNUSED_FUNCTION = YES;
				GCC_WARN_UNUSED_VARIABLE = YES;
				LOCALIZATION_PREFERS_STRING_CATALOGS = YES;
				MACOSX_DEPLOYMENT_TARGET = 13.5;
				MTL_ENABLE_DEBUG_INFO = INCLUDE_SOURCE;
				MTL_FAST_MATH = YES;
				ONLY_ACTIVE_ARCH = YES;
				SDKROOT = macosx;
			};
			name = Debug;
		};
		9AD5689C2BA1F0D900B341EF /* Release */ = {
			isa = XCBuildConfiguration;
			buildSettings = {
				ALWAYS_SEARCH_USER_PATHS = NO;
				ASSETCATALOG_COMPILER_GENERATE_SWIFT_ASSET_SYMBOL_EXTENSIONS = YES;
				CLANG_ANALYZER_NONNULL = YES;
				CLANG_ANALYZER_NUMBER_OBJECT_CONVERSION = YES_AGGRESSIVE;
				CLANG_CXX_LANGUAGE_STANDARD = "gnu++20";
				CLANG_ENABLE_MODULES = YES;
				CLANG_ENABLE_OBJC_ARC = YES;
				CLANG_ENABLE_OBJC_WEAK = YES;
				CLANG_WARN_BLOCK_CAPTURE_AUTORELEASING = YES;
				CLANG_WARN_BOOL_CONVERSION = YES;
				CLANG_WARN_COMMA = YES;
				CLANG_WARN_CONSTANT_CONVERSION = YES;
				CLANG_WARN_DEPRECATED_OBJC_IMPLEMENTATIONS = YES;
				CLANG_WARN_DIRECT_OBJC_ISA_USAGE = YES_ERROR;
				CLANG_WARN_DOCUMENTATION_COMMENTS = YES;
				CLANG_WARN_EMPTY_BODY = YES;
				CLANG_WARN_ENUM_CONVERSION = YES;
				CLANG_WARN_INFINITE_RECURSION = YES;
				CLANG_WARN_INT_CONVERSION = YES;
				CLANG_WARN_NON_LITERAL_NULL_CONVERSION = YES;
				CLANG_WARN_OBJC_IMPLICIT_RETAIN_SELF = YES;
				CLANG_WARN_OBJC_LITERAL_CONVERSION = YES;
				CLANG_WARN_OBJC_ROOT_CLASS = YES_ERROR;
				CLANG_WARN_QUOTED_INCLUDE_IN_FRAMEWORK_HEADER = YES;
				CLANG_WARN_RANGE_LOOP_ANALYSIS = YES;
				CLANG_WARN_STRICT_PROTOTYPES = YES;
				CLANG_WARN_SUSPICIOUS_MOVE = YES;
				CLANG_WARN_UNGUARDED_AVAILABILITY = YES_AGGRESSIVE;
				CLANG_WARN_UNREACHABLE_CODE = YES;
				CLANG_WARN__DUPLICATE_METHOD_MATCH = YES;
				COPY_PHASE_STRIP = NO;
				DEBUG_INFORMATION_FORMAT = "dwarf-with-dsym";
				ENABLE_NS_ASSERTIONS = NO;
				ENABLE_STRICT_OBJC_MSGSEND = YES;
				ENABLE_USER_SCRIPT_SANDBOXING = YES;
				GCC_C_LANGUAGE_STANDARD = gnu17;
				GCC_NO_COMMON_BLOCKS = YES;
				GCC_WARN_64_TO_32_BIT_CONVERSION = YES;
				GCC_WARN_ABOUT_RETURN_TYPE = YES_ERROR;
				GCC_WARN_UNDECLARED_SELECTOR = YES;
				GCC_WARN_UNINITIALIZED_AUTOS = YES_AGGRESSIVE;
				GCC_WARN_UNUSED_FUNCTION = YES;
				GCC_WARN_UNUSED_VARIABLE = YES;
				LOCALIZATION_PREFERS_STRING_CATALOGS = YES;
				MACOSX_DEPLOYMENT_TARGET = 13.5;
				MTL_ENABLE_DEBUG_INFO = NO;
				MTL_FAST_MATH = YES;
				SDKROOT = macosx;
			};
			name = Release;
		};
		9AD5689E2BA1F0D900B341EF /* Debug */ = {
			isa = XCBuildConfiguration;
			buildSettings = {
				CLANG_ENABLE_MODULES = YES;
				CODE_SIGN_STYLE = Automatic;
				DEVELOPMENT_TEAM = 5BC8W6JH5G;
				ENABLE_HARDENED_RUNTIME = NO;
				HEADER_SEARCH_PATHS = /opt/homebrew/Cellar/sfml/2.6.1/include;
				LIBRARY_SEARCH_PATHS = (
					"$(inherited)",
					/opt/homebrew/Cellar/sfml/2.6.1/lib,
				);
				PRODUCT_NAME = "$(TARGET_NAME)";
				SWIFT_OPTIMIZATION_LEVEL = "-Onone";
				SWIFT_VERSION = 5.0;
			};
			name = Debug;
		};
		9AD5689F2BA1F0D900B341EF /* Release */ = {
			isa = XCBuildConfiguration;
			buildSettings = {
				CLANG_ENABLE_MODULES = YES;
				CODE_SIGN_STYLE = Automatic;
				DEVELOPMENT_TEAM = 5BC8W6JH5G;
				ENABLE_HARDENED_RUNTIME = NO;
				HEADER_SEARCH_PATHS = /opt/homebrew/Cellar/sfml/2.6.1/include;
				LIBRARY_SEARCH_PATHS = (
					"$(inherited)",
					/opt/homebrew/Cellar/sfml/2.6.1/lib,
				);
				ONLY_ACTIVE_ARCH = NO;
				PRODUCT_NAME = "$(TARGET_NAME)";
				SWIFT_VERSION = 5.0;
			};
			name = Release;
		};
/* End XCBuildConfiguration section */

/* Begin XCConfigurationList section */
		9AD568912BA1F0D900B341EF /* Build configuration list for PBXProject "Popper" */ = {
			isa = XCConfigurationList;
			buildConfigurations = (
				9AD5689B2BA1F0D900B341EF /* Debug */,
				9AD5689C2BA1F0D900B341EF /* Release */,
			);
			defaultConfigurationIsVisible = 0;
			defaultConfigurationName = Release;
		};
		9AD5689D2BA1F0D900B341EF /* Build configuration list for PBXNativeTarget "Popper" */ = {
			isa = XCConfigurationList;
			buildConfigurations = (
				9AD5689E2BA1F0D900B341EF /* Debug */,
				9AD5689F2BA1F0D900B341EF /* Release */,
			);
			defaultConfigurationIsVisible = 0;
			defaultConfigurationName = Release;
		};
/* End XCConfigurationList section */
	};
	rootObject = 9AD5688E2BA1F0D900B341EF /* Project object */;
}
